
Microsoft Visual Studio Solution File, Format Version 12.00
# Visual Studio Version 16
VisualStudioVersion = 16.0.31019.35
MinimumVisualStudioVersion = 10.0.40219.1
Project("{FAE04EC0-301F-11D3-BF4B-00C04F79EFBC}") = "Maquina_Dispensadora", "Maquina_Dispensadora.csproj", "{7DE63B8A-FD0A-42BA-8C7E-36AC11D2FFFD}"
EndProject
Global
	GlobalSection(SolutionConfigurationPlatforms) = preSolution
		Debug|Any CPU = Debug|Any CPU
		Release|Any CPU = Release|Any CPU
	EndGlobalSection
	GlobalSection(ProjectConfigurationPlatforms) = postSolution
		{7DE63B8A-FD0A-42BA-8C7E-36AC11D2FFFD}.Debug|Any CPU.ActiveCfg = Debug|Any CPU
		{7DE63B8A-FD0A-42BA-8C7E-36AC11D2FFFD}.Debug|Any CPU.Build.0 = Debug|Any CPU
		{7DE63B8A-FD0A-42BA-8C7E-36AC11D2FFFD}.Release|Any CPU.ActiveCfg = Release|Any CPU
		{7DE63B8A-FD0A-42BA-8C7E-36AC11D2FFFD}.Release|Any CPU.Build.0 = Release|Any CPU
	EndGlobalSection
	GlobalSection(SolutionProperties) = preSolution
		HideSolutionNode = FALSE
	EndGlobalSection
	GlobalSection(ExtensibilityGlobals) = postSolution
		SolutionGuid = {1EE5E07A-06AF-4BB3-B1D2-384C68FD1FDA}
	EndGlobalSection
EndGlobal
